// !$*UTF8*$!
{
	archiveVersion = 1;
	classes = {
	};
	objectVersion = 56;
	objects = {

/* Begin PBXBuildFile section */
		4DD330EB2906058500AF5506 /* AppDev_22App.swift in Sources */ = {isa = PBXBuildFile; fileRef = 4DD330EA2906058500AF5506 /* AppDev_22App.swift */; };
		4DD330ED2906058500AF5506 /* ContentView.swift in Sources */ = {isa = PBXBuildFile; fileRef = 4DD330EC2906058500AF5506 /* ContentView.swift */; };
		4DD330EF2906058700AF5506 /* Assets.xcassets in Resources */ = {isa = PBXBuildFile; fileRef = 4DD330EE2906058700AF5506 /* Assets.xcassets */; };
		4DD330F22906058700AF5506 /* Preview Assets.xcassets in Resources */ = {isa = PBXBuildFile; fileRef = 4DD330F12906058700AF5506 /* Preview Assets.xcassets */; };
		4DD330F42906058700AF5506 /* Persistence.swift in Sources */ = {isa = PBXBuildFile; fileRef = 4DD330F32906058700AF5506 /* Persistence.swift */; };
		4DD330F72906058700AF5506 /* AppDev_22.xcdatamodeld in Sources */ = {isa = PBXBuildFile; fileRef = 4DD330F52906058700AF5506 /* AppDev_22.xcdatamodeld */; };
		4DD331022906058700AF5506 /* AppDev_22Tests.swift in Sources */ = {isa = PBXBuildFile; fileRef = 4DD331012906058700AF5506 /* AppDev_22Tests.swift */; };
		4DD3310C2906058700AF5506 /* AppDev_22UITests.swift in Sources */ = {isa = PBXBuildFile; fileRef = 4DD3310B2906058700AF5506 /* AppDev_22UITests.swift */; };
		4DD3310E2906058700AF5506 /* AppDev_22UITestsLaunchTests.swift in Sources */ = {isa = PBXBuildFile; fileRef = 4DD3310D2906058700AF5506 /* AppDev_22UITestsLaunchTests.swift */; };
/* End PBXBuildFile section */

/* Begin PBXContainerItemProxy section */
		4DD330FE2906058700AF5506 /* PBXContainerItemProxy */ = {
			isa = PBXContainerItemProxy;
			containerPortal = 4DD330DF2906058500AF5506 /* Project object */;
			proxyType = 1;
			remoteGlobalIDString = 4DD330E62906058500AF5506;
			remoteInfo = "AppDev 22";
		};
		4DD331082906058700AF5506 /* PBXContainerItemProxy */ = {
			isa = PBXContainerItemProxy;
			containerPortal = 4DD330DF2906058500AF5506 /* Project object */;
			proxyType = 1;
			remoteGlobalIDString = 4DD330E62906058500AF5506;
			remoteInfo = "AppDev 22";
		};
/* End PBXContainerItemProxy section */

/* Begin PBXFileReference section */
		4DD330E72906058500AF5506 /* AppDev 22.app */ = {isa = PBXFileReference; explicitFileType = wrapper.application; includeInIndex = 0; path = "AppDev 22.app"; sourceTree = BUILT_PRODUCTS_DIR; };
		4DD330EA2906058500AF5506 /* AppDev_22App.swift */ = {isa = PBXFileReference; lastKnownFileType = sourcecode.swift; path = AppDev_22App.swift; sourceTree = "<group>"; };
		4DD330EC2906058500AF5506 /* ContentView.swift */ = {isa = PBXFileReference; lastKnownFileType = sourcecode.swift; path = ContentView.swift; sourceTree = "<group>"; };
		4DD330EE2906058700AF5506 /* Assets.xcassets */ = {isa = PBXFileReference; lastKnownFileType = folder.assetcatalog; path = Assets.xcassets; sourceTree = "<group>"; };
		4DD330F12906058700AF5506 /* Preview Assets.xcassets */ = {isa = PBXFileReference; lastKnownFileType = folder.assetcatalog; path = "Preview Assets.xcassets"; sourceTree = "<group>"; };
		4DD330F32906058700AF5506 /* Persistence.swift */ = {isa = PBXFileReference; lastKnownFileType = sourcecode.swift; path = Persistence.swift; sourceTree = "<group>"; };
		4DD330F62906058700AF5506 /* AppDev_22.xcdatamodel */ = {isa = PBXFileReference; lastKnownFileType = wrapper.xcdatamodel; path = AppDev_22.xcdatamodel; sourceTree = "<group>"; };
		4DD330F82906058700AF5506 /* Info.plist */ = {isa = PBXFileReference; lastKnownFileType = text.plist.xml; path = Info.plist; sourceTree = "<group>"; };
		4DD330FD2906058700AF5506 /* AppDev 22Tests.xctest */ = {isa = PBXFileReference; explicitFileType = wrapper.cfbundle; includeInIndex = 0; path = "AppDev 22Tests.xctest"; sourceTree = BUILT_PRODUCTS_DIR; };
		4DD331012906058700AF5506 /* AppDev_22Tests.swift */ = {isa = PBXFileReference; lastKnownFileType = sourcecode.swift; path = AppDev_22Tests.swift; sourceTree = "<group>"; };
		4DD331072906058700AF5506 /* AppDev 22UITests.xctest */ = {isa = PBXFileReference; explicitFileType = wrapper.cfbundle; includeInIndex = 0; path = "AppDev 22UITests.xctest"; sourceTree = BUILT_PRODUCTS_DIR; };
		4DD3310B2906058700AF5506 /* AppDev_22UITests.swift */ = {isa = PBXFileReference; lastKnownFileType = sourcecode.swift; path = AppDev_22UITests.swift; sourceTree = "<group>"; };
		4DD3310D2906058700AF5506 /* AppDev_22UITestsLaunchTests.swift */ = {isa = PBXFileReference; lastKnownFileType = sourcecode.swift; path = AppDev_22UITestsLaunchTests.swift; sourceTree = "<group>"; };
/* End PBXFileReference section */

/* Begin PBXFrameworksBuildPhase section */
		4DD330E42906058500AF5506 /* Frameworks */ = {
			isa = PBXFrameworksBuildPhase;
			buildActionMask = 2147483647;
			files = (
			);
			runOnlyForDeploymentPostprocessing = 0;
		};
		4DD330FA2906058700AF5506 /* Frameworks */ = {
			isa = PBXFrameworksBuildPhase;
			buildActionMask = 2147483647;
			files = (
			);
			runOnlyForDeploymentPostprocessing = 0;
		};
		4DD331042906058700AF5506 /* Frameworks */ = {
			isa = PBXFrameworksBuildPhase;
			buildActionMask = 2147483647;
			files = (
			);
			runOnlyForDeploymentPostprocessing = 0;
		};
/* End PBXFrameworksBuildPhase section */

/* Begin PBXGroup section */
		4DD330DE2906058500AF5506 = {
			isa = PBXGroup;
			children = (
				4DD330E92906058500AF5506 /* AppDev 22 */,
				4DD331002906058700AF5506 /* AppDev 22Tests */,
				4DD3310A2906058700AF5506 /* AppDev 22UITests */,
				4DD330E82906058500AF5506 /* Products */,
			);
			sourceTree = "<group>";
		};
		4DD330E82906058500AF5506 /* Products */ = {
			isa = PBXGroup;
			children = (
				4DD330E72906058500AF5506 /* AppDev 22.app */,
				4DD330FD2906058700AF5506 /* AppDev 22Tests.xctest */,
				4DD331072906058700AF5506 /* AppDev 22UITests.xctest */,
			);
			name = Products;
			sourceTree = "<group>";
		};
		4DD330E92906058500AF5506 /* AppDev 22 */ = {
			isa = PBXGroup;
			children = (
				4DD330EA2906058500AF5506 /* AppDev_22App.swift */,
				4DD330EC2906058500AF5506 /* ContentView.swift */,
				4DD330EE2906058700AF5506 /* Assets.xcassets */,
				4DD330F32906058700AF5506 /* Persistence.swift */,
				4DD330F82906058700AF5506 /* Info.plist */,
				4DD330F52906058700AF5506 /* AppDev_22.xcdatamodeld */,
				4DD330F02906058700AF5506 /* Preview Content */,
			);
			path = "AppDev 22";
			sourceTree = "<group>";
		};
		4DD330F02906058700AF5506 /* Preview Content */ = {
			isa = PBXGroup;
			children = (
				4DD330F12906058700AF5506 /* Preview Assets.xcassets */,
			);
			path = "Preview Content";
			sourceTree = "<group>";
		};
		4DD331002906058700AF5506 /* AppDev 22Tests */ = {
			isa = PBXGroup;
			children = (
				4DD331012906058700AF5506 /* AppDev_22Tests.swift */,
			);
			path = "AppDev 22Tests";
			sourceTree = "<group>";
		};
		4DD3310A2906058700AF5506 /* AppDev 22UITests */ = {
			isa = PBXGroup;
			children = (
				4DD3310B2906058700AF5506 /* AppDev_22UITests.swift */,
				4DD3310D2906058700AF5506 /* AppDev_22UITestsLaunchTests.swift */,
			);
			path = "AppDev 22UITests";
			sourceTree = "<group>";
		};
/* End PBXGroup section */

/* Begin PBXNativeTarget section */
		4DD330E62906058500AF5506 /* AppDev 22 */ = {
			isa = PBXNativeTarget;
			buildConfigurationList = 4DD331112906058700AF5506 /* Build configuration list for PBXNativeTarget "AppDev 22" */;
			buildPhases = (
				4DD330E32906058500AF5506 /* Sources */,
				4DD330E42906058500AF5506 /* Frameworks */,
				4DD330E52906058500AF5506 /* Resources */,
			);
			buildRules = (
			);
			dependencies = (
			);
			name = "AppDev 22";
			productName = "AppDev 22";
			productReference = 4DD330E72906058500AF5506 /* AppDev 22.app */;
			productType = "com.apple.product-type.application";
		};
		4DD330FC2906058700AF5506 /* AppDev 22Tests */ = {
			isa = PBXNativeTarget;
			buildConfigurationList = 4DD331142906058700AF5506 /* Build configuration list for PBXNativeTarget "AppDev 22Tests" */;
			buildPhases = (
				4DD330F92906058700AF5506 /* Sources */,
				4DD330FA2906058700AF5506 /* Frameworks */,
				4DD330FB2906058700AF5506 /* Resources */,
			);
			buildRules = (
			);
			dependencies = (
				4DD330FF2906058700AF5506 /* PBXTargetDependency */,
			);
			name = "AppDev 22Tests";
			productName = "AppDev 22Tests";
			productReference = 4DD330FD2906058700AF5506 /* AppDev 22Tests.xctest */;
			productType = "com.apple.product-type.bundle.unit-test";
		};
		4DD331062906058700AF5506 /* AppDev 22UITests */ = {
			isa = PBXNativeTarget;
			buildConfigurationList = 4DD331172906058700AF5506 /* Build configuration list for PBXNativeTarget "AppDev 22UITests" */;
			buildPhases = (
				4DD331032906058700AF5506 /* Sources */,
				4DD331042906058700AF5506 /* Frameworks */,
				4DD331052906058700AF5506 /* Resources */,
			);
			buildRules = (
			);
			dependencies = (
				4DD331092906058700AF5506 /* PBXTargetDependency */,
			);
			name = "AppDev 22UITests";
			productName = "AppDev 22UITests";
			productReference = 4DD331072906058700AF5506 /* AppDev 22UITests.xctest */;
			productType = "com.apple.product-type.bundle.ui-testing";
		};
/* End PBXNativeTarget section */

/* Begin PBXProject section */
		4DD330DF2906058500AF5506 /* Project object */ = {
			isa = PBXProject;
			attributes = {
				BuildIndependentTargetsInParallel = 1;
				LastSwiftUpdateCheck = 1400;
				LastUpgradeCheck = 1400;
				TargetAttributes = {
					4DD330E62906058500AF5506 = {
						CreatedOnToolsVersion = 14.0.1;
					};
					4DD330FC2906058700AF5506 = {
						CreatedOnToolsVersion = 14.0.1;
						TestTargetID = 4DD330E62906058500AF5506;
					};
					4DD331062906058700AF5506 = {
						CreatedOnToolsVersion = 14.0.1;
						TestTargetID = 4DD330E62906058500AF5506;
					};
				};
			};
			buildConfigurationList = 4DD330E22906058500AF5506 /* Build configuration list for PBXProject "AppDev 22" */;
			compatibilityVersion = "Xcode 14.0";
			developmentRegion = en;
			hasScannedForEncodings = 0;
			knownRegions = (
				en,
				Base,
			);
			mainGroup = 4DD330DE2906058500AF5506;
			productRefGroup = 4DD330E82906058500AF5506 /* Products */;
			projectDirPath = "";
			projectRoot = "";
			targets = (
				4DD330E62906058500AF5506 /* AppDev 22 */,
				4DD330FC2906058700AF5506 /* AppDev 22Tests */,
				4DD331062906058700AF5506 /* AppDev 22UITests */,
			);
		};
/* End PBXProject section */

/* Begin PBXResourcesBuildPhase section */
		4DD330E52906058500AF5506 /* Resources */ = {
			isa = PBXResourcesBuildPhase;
			buildActionMask = 2147483647;
			files = (
				4DD330F22906058700AF5506 /* Preview Assets.xcassets in Resources */,
				4DD330EF2906058700AF5506 /* Assets.xcassets in Resources */,
			);
			runOnlyForDeploymentPostprocessing = 0;
		};
		4DD330FB2906058700AF5506 /* Resources */ = {
			isa = PBXResourcesBuildPhase;
			buildActionMask = 2147483647;
			files = (
			);
			runOnlyForDeploymentPostprocessing = 0;
		};
		4DD331052906058700AF5506 /* Resources */ = {
			isa = PBXResourcesBuildPhase;
			buildActionMask = 2147483647;
			files = (
			);
			runOnlyForDeploymentPostprocessing = 0;
		};
/* End PBXResourcesBuildPhase section */

/* Begin PBXSourcesBuildPhase section */
		4DD330E32906058500AF5506 /* Sources */ = {
			isa = PBXSourcesBuildPhase;
			buildActionMask = 2147483647;
			files = (
				4DD330F42906058700AF5506 /* Persistence.swift in Sources */,
				4DD330F72906058700AF5506 /* AppDev_22.xcdatamodeld in Sources */,
				4DD330ED2906058500AF5506 /* ContentView.swift in Sources */,
				4DD330EB2906058500AF5506 /* AppDev_22App.swift in Sources */,
			);
			runOnlyForDeploymentPostprocessing = 0;
		};
		4DD330F92906058700AF5506 /* Sources */ = {
			isa = PBXSourcesBuildPhase;
			buildActionMask = 2147483647;
			files = (
				4DD331022906058700AF5506 /* AppDev_22Tests.swift in Sources */,
			);
			runOnlyForDeploymentPostprocessing = 0;
		};
		4DD331032906058700AF5506 /* Sources */ = {
			isa = PBXSourcesBuildPhase;
			buildActionMask = 2147483647;
			files = (
				4DD3310E2906058700AF5506 /* AppDev_22UITestsLaunchTests.swift in Sources */,
				4DD3310C2906058700AF5506 /* AppDev_22UITests.swift in Sources */,
			);
			runOnlyForDeploymentPostprocessing = 0;
		};
/* End PBXSourcesBuildPhase section */

/* Begin PBXTargetDependency section */
		4DD330FF2906058700AF5506 /* PBXTargetDependency */ = {
			isa = PBXTargetDependency;
			target = 4DD330E62906058500AF5506 /* AppDev 22 */;
			targetProxy = 4DD330FE2906058700AF5506 /* PBXContainerItemProxy */;
		};
		4DD331092906058700AF5506 /* PBXTargetDependency */ = {
			isa = PBXTargetDependency;
			target = 4DD330E62906058500AF5506 /* AppDev 22 */;
			targetProxy = 4DD331082906058700AF5506 /* PBXContainerItemProxy */;
		};
/* End PBXTargetDependency section */

/* Begin XCBuildConfiguration section */
		4DD3310F2906058700AF5506 /* Debug */ = {
			isa = XCBuildConfiguration;
			buildSettings = {
				ALWAYS_SEARCH_USER_PATHS = NO;
				CLANG_ANALYZER_NONNULL = YES;
				CLANG_ANALYZER_NUMBER_OBJECT_CONVERSION = YES_AGGRESSIVE;
				CLANG_CXX_LANGUAGE_STANDARD = "gnu++20";
				CLANG_ENABLE_MODULES = YES;
				CLANG_ENABLE_OBJC_ARC = YES;
				CLANG_ENABLE_OBJC_WEAK = YES;
				CLANG_WARN_BLOCK_CAPTURE_AUTORELEASING = YES;
				CLANG_WARN_BOOL_CONVERSION = YES;
				CLANG_WARN_COMMA = YES;
				CLANG_WARN_CONSTANT_CONVERSION = YES;
				CLANG_WARN_DEPRECATED_OBJC_IMPLEMENTATIONS = YES;
				CLANG_WARN_DIRECT_OBJC_ISA_USAGE = YES_ERROR;
				CLANG_WARN_DOCUMENTATION_COMMENTS = YES;
				CLANG_WARN_EMPTY_BODY = YES;
				CLANG_WARN_ENUM_CONVERSION = YES;
				CLANG_WARN_INFINITE_RECURSION = YES;
				CLANG_WARN_INT_CONVERSION = YES;
				CLANG_WARN_NON_LITERAL_NULL_CONVERSION = YES;
				CLANG_WARN_OBJC_IMPLICIT_RETAIN_SELF = YES;
				CLANG_WARN_OBJC_LITERAL_CONVERSION = YES;
				CLANG_WARN_OBJC_ROOT_CLASS = YES_ERROR;
				CLANG_WARN_QUOTED_INCLUDE_IN_FRAMEWORK_HEADER = YES;
				CLANG_WARN_RANGE_LOOP_ANALYSIS = YES;
				CLANG_WARN_STRICT_PROTOTYPES = YES;
				CLANG_WARN_SUSPICIOUS_MOVE = YES;
				CLANG_WARN_UNGUARDED_AVAILABILITY = YES_AGGRESSIVE;
				CLANG_WARN_UNREACHABLE_CODE = YES;
				CLANG_WARN__DUPLICATE_METHOD_MATCH = YES;
				COPY_PHASE_STRIP = NO;
				DEBUG_INFORMATION_FORMAT = dwarf;
				ENABLE_STRICT_OBJC_MSGSEND = YES;
				ENABLE_TESTABILITY = YES;
				GCC_C_LANGUAGE_STANDARD = gnu11;
				GCC_DYNAMIC_NO_PIC = NO;
				GCC_NO_COMMON_BLOCKS = YES;
				GCC_OPTIMIZATION_LEVEL = 0;
				GCC_PREPROCESSOR_DEFINITIONS = (
					"DEBUG=1",
					"$(inherited)",
				);
				GCC_WARN_64_TO_32_BIT_CONVERSION = YES;
				GCC_WARN_ABOUT_RETURN_TYPE = YES_ERROR;
				GCC_WARN_UNDECLARED_SELECTOR = YES;
				GCC_WARN_UNINITIALIZED_AUTOS = YES_AGGRESSIVE;
				GCC_WARN_UNUSED_FUNCTION = YES;
				GCC_WARN_UNUSED_VARIABLE = YES;
				IPHONEOS_DEPLOYMENT_TARGET = 16.0;
				MTL_ENABLE_DEBUG_INFO = INCLUDE_SOURCE;
				MTL_FAST_MATH = YES;
				ONLY_ACTIVE_ARCH = YES;
				SDKROOT = iphoneos;
				SWIFT_ACTIVE_COMPILATION_CONDITIONS = DEBUG;
				SWIFT_OPTIMIZATION_LEVEL = "-Onone";
			};
			name = Debug;
		};
		4DD331102906058700AF5506 /* Release */ = {
			isa = XCBuildConfiguration;
			buildSettings = {
				ALWAYS_SEARCH_USER_PATHS = NO;
				CLANG_ANALYZER_NONNULL = YES;
				CLANG_ANALYZER_NUMBER_OBJECT_CONVERSION = YES_AGGRESSIVE;
				CLANG_CXX_LANGUAGE_STANDARD = "gnu++20";
				CLANG_ENABLE_MODULES = YES;
				CLANG_ENABLE_OBJC_ARC = YES;
				CLANG_ENABLE_OBJC_WEAK = YES;
				CLANG_WARN_BLOCK_CAPTURE_AUTORELEASING = YES;
				CLANG_WARN_BOOL_CONVERSION = YES;
				CLANG_WARN_COMMA = YES;
				CLANG_WARN_CONSTANT_CONVERSION = YES;
				CLANG_WARN_DEPRECATED_OBJC_IMPLEMENTATIONS = YES;
				CLANG_WARN_DIRECT_OBJC_ISA_USAGE = YES_ERROR;
				CLANG_WARN_DOCUMENTATION_COMMENTS = YES;
				CLANG_WARN_EMPTY_BODY = YES;
				CLANG_WARN_ENUM_CONVERSION = YES;
				CLANG_WARN_INFINITE_RECURSION = YES;
				CLANG_WARN_INT_CONVERSION = YES;
				CLANG_WARN_NON_LITERAL_NULL_CONVERSION = YES;
				CLANG_WARN_OBJC_IMPLICIT_RETAIN_SELF = YES;
				CLANG_WARN_OBJC_LITERAL_CONVERSION = YES;
				CLANG_WARN_OBJC_ROOT_CLASS = YES_ERROR;
				CLANG_WARN_QUOTED_INCLUDE_IN_FRAMEWORK_HEADER = YES;
				CLANG_WARN_RANGE_LOOP_ANALYSIS = YES;
				CLANG_WARN_STRICT_PROTOTYPES = YES;
				CLANG_WARN_SUSPICIOUS_MOVE = YES;
				CLANG_WARN_UNGUARDED_AVAILABILITY = YES_AGGRESSIVE;
				CLANG_WARN_UNREACHABLE_CODE = YES;
				CLANG_WARN__DUPLICATE_METHOD_MATCH = YES;
				COPY_PHASE_STRIP = NO;
				DEBUG_INFORMATION_FORMAT = "dwarf-with-dsym";
				ENABLE_NS_ASSERTIONS = NO;
				ENABLE_STRICT_OBJC_MSGSEND = YES;
				GCC_C_LANGUAGE_STANDARD = gnu11;
				GCC_NO_COMMON_BLOCKS = YES;
				GCC_WARN_64_TO_32_BIT_CONVERSION = YES;
				GCC_WARN_ABOUT_RETURN_TYPE = YES_ERROR;
				GCC_WARN_UNDECLARED_SELECTOR = YES;
				GCC_WARN_UNINITIALIZED_AUTOS = YES_AGGRESSIVE;
				GCC_WARN_UNUSED_FUNCTION = YES;
				GCC_WARN_UNUSED_VARIABLE = YES;
				IPHONEOS_DEPLOYMENT_TARGET = 16.0;
				MTL_ENABLE_DEBUG_INFO = NO;
				MTL_FAST_MATH = YES;
				SDKROOT = iphoneos;
				SWIFT_COMPILATION_MODE = wholemodule;
				SWIFT_OPTIMIZATION_LEVEL = "-O";
				VALIDATE_PRODUCT = YES;
			};
			name = Release;
		};
		4DD331122906058700AF5506 /* Debug */ = {
			isa = XCBuildConfiguration;
			buildSettings = {
				ASSETCATALOG_COMPILER_APPICON_NAME = AppIcon;
				ASSETCATALOG_COMPILER_GLOBAL_ACCENT_COLOR_NAME = AccentColor;
				CODE_SIGN_STYLE = Automatic;
				CURRENT_PROJECT_VERSION = 1;
				DEVELOPMENT_ASSET_PATHS = "\"AppDev 22/Preview Content\"";
				DEVELOPMENT_TEAM = 57C3275WJD;
				ENABLE_PREVIEWS = YES;
				GENERATE_INFOPLIST_FILE = YES;
				INFOPLIST_KEY_UIApplicationSceneManifest_Generation = YES;
				INFOPLIST_KEY_UIApplicationSupportsIndirectInputEvents = YES;
				INFOPLIST_KEY_UILaunchScreen_Generation = YES;
				INFOPLIST_KEY_UISupportedInterfaceOrientations_iPad = "UIInterfaceOrientationPortrait UIInterfaceOrientationPortraitUpsideDown UIInterfaceOrientationLandscapeLeft UIInterfaceOrientationLandscapeRight";
				INFOPLIST_KEY_UISupportedInterfaceOrientations_iPhone = "UIInterfaceOrientationPortrait UIInterfaceOrientationLandscapeLeft UIInterfaceOrientationLandscapeRight";
				LD_RUNPATH_SEARCH_PATHS = (
					"$(inherited)",
					"@executable_path/Frameworks",
				);
				MARKETING_VERSION = 1.0;
				PRODUCT_BUNDLE_IDENTIFIER = "kreier.AppDev-22";
				PRODUCT_NAME = "$(TARGET_NAME)";
				SWIFT_EMIT_LOC_STRINGS = YES;
				SWIFT_VERSION = 5.0;
				TARGETED_DEVICE_FAMILY = "1,2";
			};
			name = Debug;
		};
		4DD331132906058700AF5506 /* Release */ = {
			isa = XCBuildConfiguration;
			buildSettings = {
				ASSETCATALOG_COMPILER_APPICON_NAME = AppIcon;
				ASSETCATALOG_COMPILER_GLOBAL_ACCENT_COLOR_NAME = AccentColor;
				CODE_SIGN_STYLE = Automatic;
				CURRENT_PROJECT_VERSION = 1;
				DEVELOPMENT_ASSET_PATHS = "\"AppDev 22/Preview Content\"";
				DEVELOPMENT_TEAM = 57C3275WJD;
				ENABLE_PREVIEWS = YES;
				GENERATE_INFOPLIST_FILE = YES;
				INFOPLIST_KEY_UIApplicationSceneManifest_Generation = YES;
				INFOPLIST_KEY_UIApplicationSupportsIndirectInputEvents = YES;
				INFOPLIST_KEY_UILaunchScreen_Generation = YES;
				INFOPLIST_KEY_UISupportedInterfaceOrientations_iPad = "UIInterfaceOrientationPortrait UIInterfaceOrientationPortraitUpsideDown UIInterfaceOrientationLandscapeLeft UIInterfaceOrientationLandscapeRight";
				INFOPLIST_KEY_UISupportedInterfaceOrientations_iPhone = "UIInterfaceOrientationPortrait UIInterfaceOrientationLandscapeLeft UIInterfaceOrientationLandscapeRight";
				LD_RUNPATH_SEARCH_PATHS = (
					"$(inherited)",
					"@executable_path/Frameworks",
				);
				MARKETING_VERSION = 1.0;
				PRODUCT_BUNDLE_IDENTIFIER = "kreier.AppDev-22";
				PRODUCT_NAME = "$(TARGET_NAME)";
				SWIFT_EMIT_LOC_STRINGS = YES;
				SWIFT_VERSION = 5.0;
				TARGETED_DEVICE_FAMILY = "1,2";
			};
			name = Release;
		};
		4DD331152906058700AF5506 /* Debug */ = {
			isa = XCBuildConfiguration;
			buildSettings = {
				ALWAYS_EMBED_SWIFT_STANDARD_LIBRARIES = YES;
				BUNDLE_LOADER = "$(TEST_HOST)";
				CODE_SIGN_STYLE = Automatic;
				CURRENT_PROJECT_VERSION = 1;
				DEVELOPMENT_TEAM = 57C3275WJD;
				GENERATE_INFOPLIST_FILE = YES;
				IPHONEOS_DEPLOYMENT_TARGET = 16.0;
				MARKETING_VERSION = 1.0;
				PRODUCT_BUNDLE_IDENTIFIER = "kreier.AppDev-22Tests";
				PRODUCT_NAME = "$(TARGET_NAME)";
				SWIFT_EMIT_LOC_STRINGS = NO;
				SWIFT_VERSION = 5.0;
				TARGETED_DEVICE_FAMILY = "1,2";
				TEST_HOST = "$(BUILT_PRODUCTS_DIR)/AppDev 22.app/$(BUNDLE_EXECUTABLE_FOLDER_PATH)/AppDev 22";
			};
			name = Debug;
		};
		4DD331162906058700AF5506 /* Release */ = {
			isa = XCBuildConfiguration;
			buildSettings = {
				ALWAYS_EMBED_SWIFT_STANDARD_LIBRARIES = YES;
				BUNDLE_LOADER = "$(TEST_HOST)";
				CODE_SIGN_STYLE = Automatic;
				CURRENT_PROJECT_VERSION = 1;
				DEVELOPMENT_TEAM = 57C3275WJD;
				GENERATE_INFOPLIST_FILE = YES;
				IPHONEOS_DEPLOYMENT_TARGET = 16.0;
				MARKETING_VERSION = 1.0;
				PRODUCT_BUNDLE_IDENTIFIER = "kreier.AppDev-22Tests";
				PRODUCT_NAME = "$(TARGET_NAME)";
				SWIFT_EMIT_LOC_STRINGS = NO;
				SWIFT_VERSION = 5.0;
				TARGETED_DEVICE_FAMILY = "1,2";
				TEST_HOST = "$(BUILT_PRODUCTS_DIR)/AppDev 22.app/$(BUNDLE_EXECUTABLE_FOLDER_PATH)/AppDev 22";
			};
			name = Release;
		};
		4DD331182906058700AF5506 /* Debug */ = {
			isa = XCBuildConfiguration;
			buildSettings = {
				ALWAYS_EMBED_SWIFT_STANDARD_LIBRARIES = YES;
				CODE_SIGN_STYLE = Automatic;
				CURRENT_PROJECT_VERSION = 1;
				DEVELOPMENT_TEAM = 57C3275WJD;
				GENERATE_INFOPLIST_FILE = YES;
				MARKETING_VERSION = 1.0;
				PRODUCT_BUNDLE_IDENTIFIER = "kreier.AppDev-22UITests";
				PRODUCT_NAME = "$(TARGET_NAME)";
				SWIFT_EMIT_LOC_STRINGS = NO;
				SWIFT_VERSION = 5.0;
				TARGETED_DEVICE_FAMILY = "1,2";
				TEST_TARGET_NAME = "AppDev 22";
			};
			name = Debug;
		};
		4DD331192906058700AF5506 /* Release */ = {
			isa = XCBuildConfiguration;
			buildSettings = {
				ALWAYS_EMBED_SWIFT_STANDARD_LIBRARIES = YES;
				CODE_SIGN_STYLE = Automatic;
				CURRENT_PROJECT_VERSION = 1;
				DEVELOPMENT_TEAM = 57C3275WJD;
				GENERATE_INFOPLIST_FILE = YES;
				MARKETING_VERSION = 1.0;
				PRODUCT_BUNDLE_IDENTIFIER = "kreier.AppDev-22UITests";
				PRODUCT_NAME = "$(TARGET_NAME)";
				SWIFT_EMIT_LOC_STRINGS = NO;
				SWIFT_VERSION = 5.0;
				TARGETED_DEVICE_FAMILY = "1,2";
				TEST_TARGET_NAME = "AppDev 22";
			};
			name = Release;
		};
/* End XCBuildConfiguration section */

/* Begin XCConfigurationList section */
		4DD330E22906058500AF5506 /* Build configuration list for PBXProject "AppDev 22" */ = {
			isa = XCConfigurationList;
			buildConfigurations = (
				4DD3310F2906058700AF5506 /* Debug */,
				4DD331102906058700AF5506 /* Release */,
			);
			defaultConfigurationIsVisible = 0;
			defaultConfigurationName = Release;
		};
		4DD331112906058700AF5506 /* Build configuration list for PBXNativeTarget "AppDev 22" */ = {
			isa = XCConfigurationList;
			buildConfigurations = (
				4DD331122906058700AF5506 /* Debug */,
				4DD331132906058700AF5506 /* Release */,
			);
			defaultConfigurationIsVisible = 0;
			defaultConfigurationName = Release;
		};
		4DD331142906058700AF5506 /* Build configuration list for PBXNativeTarget "AppDev 22Tests" */ = {
			isa = XCConfigurationList;
			buildConfigurations = (
				4DD331152906058700AF5506 /* Debug */,
				4DD331162906058700AF5506 /* Release */,
			);
			defaultConfigurationIsVisible = 0;
			defaultConfigurationName = Release;
		};
		4DD331172906058700AF5506 /* Build configuration list for PBXNativeTarget "AppDev 22UITests" */ = {
			isa = XCConfigurationList;
			buildConfigurations = (
				4DD331182906058700AF5506 /* Debug */,
				4DD331192906058700AF5506 /* Release */,
			);
			defaultConfigurationIsVisible = 0;
			defaultConfigurationName = Release;
		};
/* End XCConfigurationList section */

/* Begin XCVersionGroup section */
		4DD330F52906058700AF5506 /* AppDev_22.xcdatamodeld */ = {
			isa = XCVersionGroup;
			children = (
				4DD330F62906058700AF5506 /* AppDev_22.xcdatamodel */,
			);
			currentVersion = 4DD330F62906058700AF5506 /* AppDev_22.xcdatamodel */;
			path = AppDev_22.xcdatamodeld;
			sourceTree = "<group>";
			versionGroupType = wrapper.xcdatamodel;
		};
/* End XCVersionGroup section */
	};
	rootObject = 4DD330DF2906058500AF5506 /* Project object */;
}
